Microsoft Visual Studio Solution File, Format Version 12.00
# Visual Studio Version 17
VisualStudioVersion = 17.5.2.0
MinimumVisualStudioVersion = 10.0.40219.1
Project("{FAE04EC0-301F-11D3-BF4B-00C04F79EFBC}") = "GPA_Cal", "GPA_Cal.csproj", "{79433A9F-C487-D6D4-C014-BDCBF41D1BBF}"
EndProject
Global
	GlobalSection(SolutionConfigurationPlatforms) = preSolution
		Debug|Any CPU = Debug|Any CPU
		Release|Any CPU = Release|Any CPU
	EndGlobalSection
	GlobalSection(ProjectConfigurationPlatforms) = postSolution
		{79433A9F-C487-D6D4-C014-BDCBF41D1BBF}.Debug|Any CPU.ActiveCfg = Debug|Any CPU
		{79433A9F-C487-D6D4-C014-BDCBF41D1BBF}.Debug|Any CPU.Build.0 = Debug|Any CPU
		{79433A9F-C487-D6D4-C014-BDCBF41D1BBF}.Release|Any CPU.ActiveCfg = Release|Any CPU
		{79433A9F-C487-D6D4-C014-BDCBF41D1BBF}.Release|Any CPU.Build.0 = Release|Any CPU
	EndGlobalSection
	GlobalSection(SolutionProperties) = preSolution
		HideSolutionNode = FALSE
	EndGlobalSection
	GlobalSection(ExtensibilityGlobals) = postSolution
		SolutionGuid = {D35081C6-E278-42E8-A27A-13CD36D3A6C8}
	EndGlobalSection
EndGlobal
